
Microsoft Visual Studio Solution File, Format Version 12.00
# Visual Studio Version 17
VisualStudioVersion = 17.3.32819.101
MinimumVisualStudioVersion = 10.0.40219.1
Project("{FAE04EC0-301F-11D3-BF4B-00C04F79EFBC}") = "DevStore", "DevStore\DevStore.csproj", "{6841E341-D501-40DC-A001-E6B1AC331280}"
EndProject
Global
	GlobalSection(SolutionConfigurationPlatforms) = preSolution
		Debug|Any CPU = Debug|Any CPU
		Release|Any CPU = Release|Any CPU
	EndGlobalSection
	GlobalSection(ProjectConfigurationPlatforms) = postSolution
		{6841E341-D501-40DC-A001-E6B1AC331280}.Debug|Any CPU.ActiveCfg = Debug|Any CPU
		{6841E341-D501-40DC-A001-E6B1AC331280}.Debug|Any CPU.Build.0 = Debug|Any CPU
		{6841E341-D501-40DC-A001-E6B1AC331280}.Release|Any CPU.ActiveCfg = Release|Any CPU
		{6841E341-D501-40DC-A001-E6B1AC331280}.Release|Any CPU.Build.0 = Release|Any CPU
	EndGlobalSection
	GlobalSection(SolutionProperties) = preSolution
		HideSolutionNode = FALSE
	EndGlobalSection
	GlobalSection(ExtensibilityGlobals) = postSolution
		SolutionGuid = {120C816F-B5DB-459B-B148-49AA1D3D569B}
	EndGlobalSection
EndGlobal
